
Microsoft Visual Studio Solution File, Format Version 12.00
# Visual Studio Version 17
VisualStudioVersion = 17.1.32328.378
MinimumVisualStudioVersion = 10.0.40219.1
Project("{8BC9CEB8-8B4A-11D0-8D11-00A0C91BC942}") = "MineSweeper", "MineSweeper.vcxproj", "{422DA777-D7D0-416B-AD63-BDC8CABC2525}"
EndProject
Global
	GlobalSection(SolutionConfigurationPlatforms) = preSolution
		Debug|x64 = Debug|x64
		Debug|x86 = Debug|x86
		Release|x64 = Release|x64
		Release|x86 = Release|x86
	EndGlobalSection
	GlobalSection(ProjectConfigurationPlatforms) = postSolution
		{422DA777-D7D0-416B-AD63-BDC8CABC2525}.Debug|x64.ActiveCfg = Debug|x64
		{422DA777-D7D0-416B-AD63-BDC8CABC2525}.Debug|x64.Build.0 = Debug|x64
		{422DA777-D7D0-416B-AD63-BDC8CABC2525}.Debug|x86.ActiveCfg = Debug|Win32
		{422DA777-D7D0-416B-AD63-BDC8CABC2525}.Debug|x86.Build.0 = Debug|Win32
		{422DA777-D7D0-416B-AD63-BDC8CABC2525}.Release|x64.ActiveCfg = Release|x64
		{422DA777-D7D0-416B-AD63-BDC8CABC2525}.Release|x64.Build.0 = Release|x64
		{422DA777-D7D0-416B-AD63-BDC8CABC2525}.Release|x86.ActiveCfg = Release|Win32
		{422DA777-D7D0-416B-AD63-BDC8CABC2525}.Release|x86.Build.0 = Release|Win32
	EndGlobalSection
	GlobalSection(SolutionProperties) = preSolution
		HideSolutionNode = FALSE
	EndGlobalSection
	GlobalSection(ExtensibilityGlobals) = postSolution
		SolutionGuid = {FFFE9E3C-4B32-4F64-AA58-3709877DDAC3}
	EndGlobalSection
EndGlobal
